
Microsoft Visual Studio Solution File, Format Version 12.00
Project("{FAE04EC0-301F-11D3-BF4B-00C04F79EFBC}") = "ShoppingList_WebAPI", "ShoppingList_WebAPI\ShoppingList_WebAPI.csproj", "{619811AF-CCBC-4F13-9981-CAAC41574E72}"
EndProject
Global
	GlobalSection(SolutionConfigurationPlatforms) = preSolution
		Debug|Any CPU = Debug|Any CPU
		Release|Any CPU = Release|Any CPU
	EndGlobalSection
	GlobalSection(ProjectConfigurationPlatforms) = postSolution
		{619811AF-CCBC-4F13-9981-CAAC41574E72}.Debug|Any CPU.ActiveCfg = Debug|Any CPU
		{619811AF-CCBC-4F13-9981-CAAC41574E72}.Debug|Any CPU.Build.0 = Debug|Any CPU
		{619811AF-CCBC-4F13-9981-CAAC41574E72}.Release|Any CPU.ActiveCfg = Release|Any CPU
		{619811AF-CCBC-4F13-9981-CAAC41574E72}.Release|Any CPU.Build.0 = Release|Any CPU
	EndGlobalSection
EndGlobal
